
Microsoft Visual Studio Solution File, Format Version 12.00
# Visual Studio Version 17
VisualStudioVersion = 17.14.36221.1
MinimumVisualStudioVersion = 10.0.40219.1
Project("{FAE04EC0-301F-11D3-BF4B-00C04F79EFBC}") = "JwtAuthApi", "JwtAuthApi\JwtAuthApi.csproj", "{689D40F1-0E46-4818-9B15-E526BD917171}"
EndProject
Project("{FAE04EC0-301F-11D3-BF4B-00C04F79EFBC}") = "Entities", "Entities\Entities.csproj", "{509F6377-0F6C-4F74-8BBA-92962594FB9D}"
EndProject
Project("{FAE04EC0-301F-11D3-BF4B-00C04F79EFBC}") = "DataAccess", "DataAccess\DataAccess.csproj", "{DB705CAF-7000-4627-BC61-DD9A2C676125}"
EndProject
Project("{FAE04EC0-301F-11D3-BF4B-00C04F79EFBC}") = "Business", "Business\Business.csproj", "{0B831970-2C8C-45B4-B285-2EB6B77471EC}"
EndProject
Project("{FAE04EC0-301F-11D3-BF4B-00C04F79EFBC}") = "Core", "Core\Core.csproj", "{5ED06CAD-956C-C94D-BC0C-E89E30A887C2}"
EndProject
Global
	GlobalSection(SolutionConfigurationPlatforms) = preSolution
		Debug|Any CPU = Debug|Any CPU
		Release|Any CPU = Release|Any CPU
	EndGlobalSection
	GlobalSection(ProjectConfigurationPlatforms) = postSolution
		{689D40F1-0E46-4818-9B15-E526BD917171}.Debug|Any CPU.ActiveCfg = Debug|Any CPU
		{689D40F1-0E46-4818-9B15-E526BD917171}.Debug|Any CPU.Build.0 = Debug|Any CPU
		{689D40F1-0E46-4818-9B15-E526BD917171}.Release|Any CPU.ActiveCfg = Release|Any CPU
		{689D40F1-0E46-4818-9B15-E526BD917171}.Release|Any CPU.Build.0 = Release|Any CPU
		{509F6377-0F6C-4F74-8BBA-92962594FB9D}.Debug|Any CPU.ActiveCfg = Debug|Any CPU
		{509F6377-0F6C-4F74-8BBA-92962594FB9D}.Debug|Any CPU.Build.0 = Debug|Any CPU
		{509F6377-0F6C-4F74-8BBA-92962594FB9D}.Release|Any CPU.ActiveCfg = Release|Any CPU
		{509F6377-0F6C-4F74-8BBA-92962594FB9D}.Release|Any CPU.Build.0 = Release|Any CPU
		{DB705CAF-7000-4627-BC61-DD9A2C676125}.Debug|Any CPU.ActiveCfg = Debug|Any CPU
		{DB705CAF-7000-4627-BC61-DD9A2C676125}.Debug|Any CPU.Build.0 = Debug|Any CPU
		{DB705CAF-7000-4627-BC61-DD9A2C676125}.Release|Any CPU.ActiveCfg = Release|Any CPU
		{DB705CAF-7000-4627-BC61-DD9A2C676125}.Release|Any CPU.Build.0 = Release|Any CPU
		{0B831970-2C8C-45B4-B285-2EB6B77471EC}.Debug|Any CPU.ActiveCfg = Debug|Any CPU
		{0B831970-2C8C-45B4-B285-2EB6B77471EC}.Debug|Any CPU.Build.0 = Debug|Any CPU
		{0B831970-2C8C-45B4-B285-2EB6B77471EC}.Release|Any CPU.ActiveCfg = Release|Any CPU
		{0B831970-2C8C-45B4-B285-2EB6B77471EC}.Release|Any CPU.Build.0 = Release|Any CPU
		{5ED06CAD-956C-C94D-BC0C-E89E30A887C2}.Debug|Any CPU.ActiveCfg = Debug|Any CPU
		{5ED06CAD-956C-C94D-BC0C-E89E30A887C2}.Debug|Any CPU.Build.0 = Debug|Any CPU
		{5ED06CAD-956C-C94D-BC0C-E89E30A887C2}.Release|Any CPU.ActiveCfg = Release|Any CPU
		{5ED06CAD-956C-C94D-BC0C-E89E30A887C2}.Release|Any CPU.Build.0 = Release|Any CPU
	EndGlobalSection
	GlobalSection(SolutionProperties) = preSolution
		HideSolutionNode = FALSE
	EndGlobalSection
	GlobalSection(ExtensibilityGlobals) = postSolution
		SolutionGuid = {18AFA65D-DF23-42F2-BA53-B350D5873D23}
	EndGlobalSection
EndGlobal
